
Microsoft Visual Studio Solution File, Format Version 12.00
# Visual Studio Version 16
VisualStudioVersion = 16.0.32002.261
MinimumVisualStudioVersion = 10.0.40219.1
Project("{FAE04EC0-301F-11D3-BF4B-00C04F79EFBC}") = "Sulaiman_212_crud", "Sulaiman_212_crud\Sulaiman_212_crud.csproj", "{C96B1B70-DF74-4C07-9F2E-DF5DB771BCE3}"
EndProject
Global
	GlobalSection(SolutionConfigurationPlatforms) = preSolution
		Debug|Any CPU = Debug|Any CPU
		Release|Any CPU = Release|Any CPU
	EndGlobalSection
	GlobalSection(ProjectConfigurationPlatforms) = postSolution
		{C96B1B70-DF74-4C07-9F2E-DF5DB771BCE3}.Debug|Any CPU.ActiveCfg = Debug|Any CPU
		{C96B1B70-DF74-4C07-9F2E-DF5DB771BCE3}.Debug|Any CPU.Build.0 = Debug|Any CPU
		{C96B1B70-DF74-4C07-9F2E-DF5DB771BCE3}.Release|Any CPU.ActiveCfg = Release|Any CPU
		{C96B1B70-DF74-4C07-9F2E-DF5DB771BCE3}.Release|Any CPU.Build.0 = Release|Any CPU
	EndGlobalSection
	GlobalSection(SolutionProperties) = preSolution
		HideSolutionNode = FALSE
	EndGlobalSection
	GlobalSection(ExtensibilityGlobals) = postSolution
		SolutionGuid = {95C39E29-CEE4-4B0F-9797-8409F5C76C29}
	EndGlobalSection
EndGlobal
